
Microsoft Visual Studio Solution File, Format Version 12.00
# Visual Studio Version 17
VisualStudioVersion = 17.11.35312.102
MinimumVisualStudioVersion = 10.0.40219.1
Project("{FAE04EC0-301F-11D3-BF4B-00C04F79EFBC}") = "tvs-api", "tvs-api\tvs-api.csproj", "{5757C78C-5CDA-4B0D-A1F1-7288E3E4604C}"
EndProject
Global
	GlobalSection(SolutionConfigurationPlatforms) = preSolution
		Debug|Any CPU = Debug|Any CPU
		Release|Any CPU = Release|Any CPU
	EndGlobalSection
	GlobalSection(ProjectConfigurationPlatforms) = postSolution
		{5757C78C-5CDA-4B0D-A1F1-7288E3E4604C}.Debug|Any CPU.ActiveCfg = Debug|Any CPU
		{5757C78C-5CDA-4B0D-A1F1-7288E3E4604C}.Debug|Any CPU.Build.0 = Debug|Any CPU
		{5757C78C-5CDA-4B0D-A1F1-7288E3E4604C}.Release|Any CPU.ActiveCfg = Release|Any CPU
		{5757C78C-5CDA-4B0D-A1F1-7288E3E4604C}.Release|Any CPU.Build.0 = Release|Any CPU
	EndGlobalSection
	GlobalSection(SolutionProperties) = preSolution
		HideSolutionNode = FALSE
	EndGlobalSection
	GlobalSection(ExtensibilityGlobals) = postSolution
		SolutionGuid = {855C876F-595F-4350-B38A-0B6D7F5D4D16}
	EndGlobalSection
EndGlobal
